
Microsoft Visual Studio Solution File, Format Version 12.00
# Visual Studio Version 17
VisualStudioVersion = 17.11.35219.272
MinimumVisualStudioVersion = 10.0.40219.1
Project("{888888A0-9F3D-457C-B088-3A5042F75D52}") = "Teema7", "Teema7.pyproj", "{846085F3-CB3C-4BB6-ACD5-8E0B5E157F29}"
EndProject
Global
	GlobalSection(SolutionConfigurationPlatforms) = preSolution
		Debug|Any CPU = Debug|Any CPU
		Release|Any CPU = Release|Any CPU
	EndGlobalSection
	GlobalSection(ProjectConfigurationPlatforms) = postSolution
		{846085F3-CB3C-4BB6-ACD5-8E0B5E157F29}.Debug|Any CPU.ActiveCfg = Debug|Any CPU
		{846085F3-CB3C-4BB6-ACD5-8E0B5E157F29}.Release|Any CPU.ActiveCfg = Release|Any CPU
	EndGlobalSection
	GlobalSection(SolutionProperties) = preSolution
		HideSolutionNode = FALSE
	EndGlobalSection
	GlobalSection(ExtensibilityGlobals) = postSolution
		SolutionGuid = {1534CF68-FC7C-429D-88A3-4DDF2907EC1F}
	EndGlobalSection
EndGlobal
