
Microsoft Visual Studio Solution File, Format Version 12.00
# Visual Studio Version 17
VisualStudioVersion = 17.11.35219.272
MinimumVisualStudioVersion = 10.0.40219.1
Project("{888888A0-9F3D-457C-B088-3A5042F75D52}") = "grafikut", "grafikut.pyproj", "{C12BC3BB-D9E6-4C1C-84ED-AD14C63AB60D}"
EndProject
Global
	GlobalSection(SolutionConfigurationPlatforms) = preSolution
		Debug|Any CPU = Debug|Any CPU
		Release|Any CPU = Release|Any CPU
	EndGlobalSection
	GlobalSection(ProjectConfigurationPlatforms) = postSolution
		{C12BC3BB-D9E6-4C1C-84ED-AD14C63AB60D}.Debug|Any CPU.ActiveCfg = Debug|Any CPU
		{C12BC3BB-D9E6-4C1C-84ED-AD14C63AB60D}.Release|Any CPU.ActiveCfg = Release|Any CPU
	EndGlobalSection
	GlobalSection(SolutionProperties) = preSolution
		HideSolutionNode = FALSE
	EndGlobalSection
	GlobalSection(ExtensibilityGlobals) = postSolution
		SolutionGuid = {143A4A03-BA28-4E66-9356-05C6CEDEFFEB}
	EndGlobalSection
EndGlobal
